
Microsoft Visual Studio Solution File, Format Version 12.00
# Visual Studio Version 16
VisualStudioVersion = 16.0.30517.126
MinimumVisualStudioVersion = 10.0.40219.1
Project("{FAE04EC0-301F-11D3-BF4B-00C04F79EFBC}") = "Chapter3-Exercise2", "Chapter3-Exercise2\Chapter3-Exercise2.csproj", "{EF25D8B1-FF80-46CD-99A6-757C51B0D22D}"
EndProject
Global
	GlobalSection(SolutionConfigurationPlatforms) = preSolution
		Debug|Any CPU = Debug|Any CPU
		Release|Any CPU = Release|Any CPU
	EndGlobalSection
	GlobalSection(ProjectConfigurationPlatforms) = postSolution
		{EF25D8B1-FF80-46CD-99A6-757C51B0D22D}.Debug|Any CPU.ActiveCfg = Debug|Any CPU
		{EF25D8B1-FF80-46CD-99A6-757C51B0D22D}.Debug|Any CPU.Build.0 = Debug|Any CPU
		{EF25D8B1-FF80-46CD-99A6-757C51B0D22D}.Release|Any CPU.ActiveCfg = Release|Any CPU
		{EF25D8B1-FF80-46CD-99A6-757C51B0D22D}.Release|Any CPU.Build.0 = Release|Any CPU
	EndGlobalSection
	GlobalSection(SolutionProperties) = preSolution
		HideSolutionNode = FALSE
	EndGlobalSection
	GlobalSection(ExtensibilityGlobals) = postSolution
		SolutionGuid = {654A3016-879B-449B-A438-407BDB4F7E29}
	EndGlobalSection
EndGlobal
